// !$*UTF8*$!
{
	archiveVersion = 1;
	classes = {
	};
	objectVersion = 46;
	objects = {

/* Begin PBXBuildFile section */
		0217BE0418015DDA0063EDA1 /* ASIAuthenticationDialog.m in Sources */ = {isa = PBXBuildFile; fileRef = 0217BDB318015DDA0063EDA1 /* ASIAuthenticationDialog.m */; settings = {COMPILER_FLAGS = "-fno-objc-arc"; }; };
		0217BE0518015DDA0063EDA1 /* ASIDataCompressor.m in Sources */ = {isa = PBXBuildFile; fileRef = 0217BDB618015DDA0063EDA1 /* ASIDataCompressor.m */; settings = {COMPILER_FLAGS = "-fno-objc-arc"; }; };
		0217BE0618015DDA0063EDA1 /* ASIDataDecompressor.m in Sources */ = {isa = PBXBuildFile; fileRef = 0217BDB818015DDA0063EDA1 /* ASIDataDecompressor.m */; settings = {COMPILER_FLAGS = "-fno-objc-arc"; }; };
		0217BE0718015DDA0063EDA1 /* ASIDownloadCache.m in Sources */ = {isa = PBXBuildFile; fileRef = 0217BDBA18015DDA0063EDA1 /* ASIDownloadCache.m */; settings = {COMPILER_FLAGS = "-fno-objc-arc"; }; };
		0217BE0818015DDA0063EDA1 /* ASIFormDataRequest.m in Sources */ = {isa = PBXBuildFile; fileRef = 0217BDBC18015DDA0063EDA1 /* ASIFormDataRequest.m */; settings = {COMPILER_FLAGS = "-fno-objc-arc"; }; };
		0217BE0918015DDA0063EDA1 /* ASIHTTPRequest.m in Sources */ = {isa = PBXBuildFile; fileRef = 0217BDBE18015DDA0063EDA1 /* ASIHTTPRequest.m */; settings = {COMPILER_FLAGS = "-fno-objc-arc"; }; };
		0217BE0A18015DDA0063EDA1 /* ASIInputStream.m in Sources */ = {isa = PBXBuildFile; fileRef = 0217BDC218015DDA0063EDA1 /* ASIInputStream.m */; settings = {COMPILER_FLAGS = "-fno-objc-arc"; }; };
		02B5B38318015F8E0060565C /* Reachability.m in Sources */ = {isa = PBXBuildFile; fileRef = 02B5B38218015F8E0060565C /* Reachability.m */; settings = {COMPILER_FLAGS = "-fno-objc-arc"; }; };
		02B5B38518015FBC0060565C /* libz.dylib in Frameworks */ = {isa = PBXBuildFile; fileRef = 02B5B38418015FBC0060565C /* libz.dylib */; };
		02B5B388180161170060565C /* PVRoviManager.m in Sources */ = {isa = PBXBuildFile; fileRef = 02B5B387180161170060565C /* PVRoviManager.m */; };
		02B5B38B180169340060565C /* PVChannel.m in Sources */ = {isa = PBXBuildFile; fileRef = 02B5B38A180169340060565C /* PVChannel.m */; };
		3BF71B2A1800978900A8FDFA /* Foundation.framework in Frameworks */ = {isa = PBXBuildFile; fileRef = 3BF71B291800978900A8FDFA /* Foundation.framework */; };
		3BF71B2C1800978900A8FDFA /* CoreGraphics.framework in Frameworks */ = {isa = PBXBuildFile; fileRef = 3BF71B2B1800978900A8FDFA /* CoreGraphics.framework */; };
		3BF71B2E1800978900A8FDFA /* UIKit.framework in Frameworks */ = {isa = PBXBuildFile; fileRef = 3BF71B2D1800978900A8FDFA /* UIKit.framework */; };
		3BF71B341800978900A8FDFA /* InfoPlist.strings in Resources */ = {isa = PBXBuildFile; fileRef = 3BF71B321800978900A8FDFA /* InfoPlist.strings */; };
		3BF71B361800978900A8FDFA /* main.m in Sources */ = {isa = PBXBuildFile; fileRef = 3BF71B351800978900A8FDFA /* main.m */; };
		3BF71B3A1800978900A8FDFA /* PVAppDelegate.m in Sources */ = {isa = PBXBuildFile; fileRef = 3BF71B391800978900A8FDFA /* PVAppDelegate.m */; };
		3BF71B451800978900A8FDFA /* Images.xcassets in Resources */ = {isa = PBXBuildFile; fileRef = 3BF71B441800978900A8FDFA /* Images.xcassets */; };
		3BF71B4C1800978900A8FDFA /* XCTest.framework in Frameworks */ = {isa = PBXBuildFile; fileRef = 3BF71B4B1800978900A8FDFA /* XCTest.framework */; };
		3BF71B4D1800978900A8FDFA /* Foundation.framework in Frameworks */ = {isa = PBXBuildFile; fileRef = 3BF71B291800978900A8FDFA /* Foundation.framework */; };
		3BF71B4E1800978900A8FDFA /* UIKit.framework in Frameworks */ = {isa = PBXBuildFile; fileRef = 3BF71B2D1800978900A8FDFA /* UIKit.framework */; };
		3BF71B561800978900A8FDFA /* InfoPlist.strings in Resources */ = {isa = PBXBuildFile; fileRef = 3BF71B541800978900A8FDFA /* InfoPlist.strings */; };
		3BF71B581800978900A8FDFA /* PiVisionTests.m in Sources */ = {isa = PBXBuildFile; fileRef = 3BF71B571800978900A8FDFA /* PiVisionTests.m */; };
		3BF71B63180097EF00A8FDFA /* PVTabBarController.m in Sources */ = {isa = PBXBuildFile; fileRef = 3BF71B62180097EF00A8FDFA /* PVTabBarController.m */; };
		3BF71B661800989500A8FDFA /* PVMyEpisodesViewController.m in Sources */ = {isa = PBXBuildFile; fileRef = 3BF71B651800989500A8FDFA /* PVMyEpisodesViewController.m */; };
		3BF71B69180098B300A8FDFA /* PVUpcomingEpisodesViewController.m in Sources */ = {isa = PBXBuildFile; fileRef = 3BF71B68180098B300A8FDFA /* PVUpcomingEpisodesViewController.m */; };
		3BF71B6C1800993D00A8FDFA /* PVTableViewController.m in Sources */ = {isa = PBXBuildFile; fileRef = 3BF71B6B1800993D00A8FDFA /* PVTableViewController.m */; };
		3BF71B7B1800A93D00A8FDFA /* UIColor+HexString.m in Sources */ = {isa = PBXBuildFile; fileRef = 3BF71B741800A93D00A8FDFA /* UIColor+HexString.m */; };
		3BF71B7C1800A93D00A8FDFA /* NSTimer+Blocks.m in Sources */ = {isa = PBXBuildFile; fileRef = 3BF71B761800A93D00A8FDFA /* NSTimer+Blocks.m */; };
		3BF71B7D1800A93D00A8FDFA /* UIView+Layout.m in Sources */ = {isa = PBXBuildFile; fileRef = 3BF71B781800A93D00A8FDFA /* UIView+Layout.m */; };
		3BF71B7E1800A93D00A8FDFA /* UIAlertView+MKBlockAdditions.m in Sources */ = {isa = PBXBuildFile; fileRef = 3BF71B7A1800A93D00A8FDFA /* UIAlertView+MKBlockAdditions.m */; };
		3BF71B811800AC8500A8FDFA /* PVSegmentedViewController.m in Sources */ = {isa = PBXBuildFile; fileRef = 3BF71B801800AC8500A8FDFA /* PVSegmentedViewController.m */; };
		3BF71B841800B8C900A8FDFA /* PVSegmentedControl.m in Sources */ = {isa = PBXBuildFile; fileRef = 3BF71B831800B8C900A8FDFA /* PVSegmentedControl.m */; };
		3BF71B8C1800D89500A8FDFA /* PVRecentEpisodesViewController.m in Sources */ = {isa = PBXBuildFile; fileRef = 3BF71B8B1800D89500A8FDFA /* PVRecentEpisodesViewController.m */; };
		3BF71B8F1800DBFA00A8FDFA /* PVAllEpisodesViewController.m in Sources */ = {isa = PBXBuildFile; fileRef = 3BF71B8E1800DBFA00A8FDFA /* PVAllEpisodesViewController.m */; };
		3BF71B921800DCD100A8FDFA /* PVGridViewController.m in Sources */ = {isa = PBXBuildFile; fileRef = 3BF71B911800DCD100A8FDFA /* PVGridViewController.m */; };
		3BF71B971800E4DD00A8FDFA /* PVEpisode.m in Sources */ = {isa = PBXBuildFile; fileRef = 3BF71B961800E4DD00A8FDFA /* PVEpisode.m */; };
		3BF71B9B1800E95300A8FDFA /* PVScheduleViewController.m in Sources */ = {isa = PBXBuildFile; fileRef = 3BF71B9A1800E95300A8FDFA /* PVScheduleViewController.m */; };
		3BF71B9E1800EC2F00A8FDFA /* PVGridCell.m in Sources */ = {isa = PBXBuildFile; fileRef = 3BF71B9D1800EC2F00A8FDFA /* PVGridCell.m */; };
		3BF71BA21800F2E100A8FDFA /* PVEpisodeGridLayout.m in Sources */ = {isa = PBXBuildFile; fileRef = 3BF71BA11800F2E100A8FDFA /* PVEpisodeGridLayout.m */; };
		3BF71BA6180104AA00A8FDFA /* PVGridHeaderView.m in Sources */ = {isa = PBXBuildFile; fileRef = 3BF71BA5180104AA00A8FDFA /* PVGridHeaderView.m */; };
		3BF71BA9180120D500A8FDFA /* PVUtility.m in Sources */ = {isa = PBXBuildFile; fileRef = 3BF71BA8180120D500A8FDFA /* PVUtility.m */; };
		3BF71BB318012DD700A8FDFA /* PVEpisodeViewController.m in Sources */ = {isa = PBXBuildFile; fileRef = 3BF71BB118012DD700A8FDFA /* PVEpisodeViewController.m */; };
		3BF71BB418012DD700A8FDFA /* PVEpisodeViewController.xib in Resources */ = {isa = PBXBuildFile; fileRef = 3BF71BB218012DD700A8FDFA /* PVEpisodeViewController.xib */; };
		3BF71BF8180155FA00A8FDFA /* AsyncImageView.m in Sources */ = {isa = PBXBuildFile; fileRef = 3BF71BB9180155FA00A8FDFA /* AsyncImageView.m */; };
/* End PBXBuildFile section */

/* Begin PBXContainerItemProxy section */
		3BF71B4F1800978900A8FDFA /* PBXContainerItemProxy */ = {
			isa = PBXContainerItemProxy;
			containerPortal = 3BF71B1E1800978900A8FDFA /* Project object */;
			proxyType = 1;
			remoteGlobalIDString = 3BF71B251800978900A8FDFA;
			remoteInfo = PiVision;
		};
/* End PBXContainerItemProxy section */

/* Begin PBXFileReference section */
		0217BDB218015DDA0063EDA1 /* ASIAuthenticationDialog.h */ = {isa = PBXFileReference; fileEncoding = 4; lastKnownFileType = sourcecode.c.h; path = ASIAuthenticationDialog.h; sourceTree = "<group>"; };
		0217BDB318015DDA0063EDA1 /* ASIAuthenticationDialog.m */ = {isa = PBXFileReference; fileEncoding = 4; lastKnownFileType = sourcecode.c.objc; path = ASIAuthenticationDialog.m; sourceTree = "<group>"; };
		0217BDB418015DDA0063EDA1 /* ASICacheDelegate.h */ = {isa = PBXFileReference; fileEncoding = 4; lastKnownFileType = sourcecode.c.h; path = ASICacheDelegate.h; sourceTree = "<group>"; };
		0217BDB518015DDA0063EDA1 /* ASIDataCompressor.h */ = {isa = PBXFileReference; fileEncoding = 4; lastKnownFileType = sourcecode.c.h; path = ASIDataCompressor.h; sourceTree = "<group>"; };
		0217BDB618015DDA0063EDA1 /* ASIDataCompressor.m */ = {isa = PBXFileReference; fileEncoding = 4; lastKnownFileType = sourcecode.c.objc; path = ASIDataCompressor.m; sourceTree = "<group>"; };
		0217BDB718015DDA0063EDA1 /* ASIDataDecompressor.h */ = {isa = PBXFileReference; fileEncoding = 4; lastKnownFileType = sourcecode.c.h; path = ASIDataDecompressor.h; sourceTree = "<group>"; };
		0217BDB818015DDA0063EDA1 /* ASIDataDecompressor.m */ = {isa = PBXFileReference; fileEncoding = 4; lastKnownFileType = sourcecode.c.objc; path = ASIDataDecompressor.m; sourceTree = "<group>"; };
		0217BDB918015DDA0063EDA1 /* ASIDownloadCache.h */ = {isa = PBXFileReference; fileEncoding = 4; lastKnownFileType = sourcecode.c.h; path = ASIDownloadCache.h; sourceTree = "<group>"; };
		0217BDBA18015DDA0063EDA1 /* ASIDownloadCache.m */ = {isa = PBXFileReference; fileEncoding = 4; lastKnownFileType = sourcecode.c.objc; path = ASIDownloadCache.m; sourceTree = "<group>"; };
		0217BDBB18015DDA0063EDA1 /* ASIFormDataRequest.h */ = {isa = PBXFileReference; fileEncoding = 4; lastKnownFileType = sourcecode.c.h; path = ASIFormDataRequest.h; sourceTree = "<group>"; };
		0217BDBC18015DDA0063EDA1 /* ASIFormDataRequest.m */ = {isa = PBXFileReference; fileEncoding = 4; lastKnownFileType = sourcecode.c.objc; path = ASIFormDataRequest.m; sourceTree = "<group>"; };
		0217BDBD18015DDA0063EDA1 /* ASIHTTPRequest.h */ = {isa = PBXFileReference; fileEncoding = 4; lastKnownFileType = sourcecode.c.h; path = ASIHTTPRequest.h; sourceTree = "<group>"; };
		0217BDBE18015DDA0063EDA1 /* ASIHTTPRequest.m */ = {isa = PBXFileReference; fileEncoding = 4; lastKnownFileType = sourcecode.c.objc; path = ASIHTTPRequest.m; sourceTree = "<group>"; };
		0217BDBF18015DDA0063EDA1 /* ASIHTTPRequestConfig.h */ = {isa = PBXFileReference; fileEncoding = 4; lastKnownFileType = sourcecode.c.h; path = ASIHTTPRequestConfig.h; sourceTree = "<group>"; };
		0217BDC018015DDA0063EDA1 /* ASIHTTPRequestDelegate.h */ = {isa = PBXFileReference; fileEncoding = 4; lastKnownFileType = sourcecode.c.h; path = ASIHTTPRequestDelegate.h; sourceTree = "<group>"; };
		0217BDC118015DDA0063EDA1 /* ASIInputStream.h */ = {isa = PBXFileReference; fileEncoding = 4; lastKnownFileType = sourcecode.c.h; path = ASIInputStream.h; sourceTree = "<group>"; };
		0217BDC218015DDA0063EDA1 /* ASIInputStream.m */ = {isa = PBXFileReference; fileEncoding = 4; lastKnownFileType = sourcecode.c.objc; path = ASIInputStream.m; sourceTree = "<group>"; };
		0217BDC518015DDA0063EDA1 /* ASIProgressDelegate.h */ = {isa = PBXFileReference; fileEncoding = 4; lastKnownFileType = sourcecode.c.h; path = ASIProgressDelegate.h; sourceTree = "<group>"; };
		02B5B38118015F8E0060565C /* Reachability.h */ = {isa = PBXFileReference; fileEncoding = 4; lastKnownFileType = sourcecode.c.h; path = Reachability.h; sourceTree = "<group>"; };
		02B5B38218015F8E0060565C /* Reachability.m */ = {isa = PBXFileReference; fileEncoding = 4; lastKnownFileType = sourcecode.c.objc; path = Reachability.m; sourceTree = "<group>"; };
		02B5B38418015FBC0060565C /* libz.dylib */ = {isa = PBXFileReference; lastKnownFileType = "compiled.mach-o.dylib"; name = libz.dylib; path = usr/lib/libz.dylib; sourceTree = SDKROOT; };
		02B5B386180161170060565C /* PVRoviManager.h */ = {isa = PBXFileReference; fileEncoding = 4; lastKnownFileType = sourcecode.c.h; path = PVRoviManager.h; sourceTree = "<group>"; };
		02B5B387180161170060565C /* PVRoviManager.m */ = {isa = PBXFileReference; fileEncoding = 4; lastKnownFileType = sourcecode.c.objc; path = PVRoviManager.m; sourceTree = "<group>"; };
		02B5B389180169340060565C /* PVChannel.h */ = {isa = PBXFileReference; fileEncoding = 4; lastKnownFileType = sourcecode.c.h; path = PVChannel.h; sourceTree = "<group>"; };
		02B5B38A180169340060565C /* PVChannel.m */ = {isa = PBXFileReference; fileEncoding = 4; lastKnownFileType = sourcecode.c.objc; path = PVChannel.m; sourceTree = "<group>"; };
		3BF71B261800978900A8FDFA /* PiVision.app */ = {isa = PBXFileReference; explicitFileType = wrapper.application; includeInIndex = 0; path = PiVision.app; sourceTree = BUILT_PRODUCTS_DIR; };
		3BF71B291800978900A8FDFA /* Foundation.framework */ = {isa = PBXFileReference; lastKnownFileType = wrapper.framework; name = Foundation.framework; path = System/Library/Frameworks/Foundation.framework; sourceTree = SDKROOT; };
		3BF71B2B1800978900A8FDFA /* CoreGraphics.framework */ = {isa = PBXFileReference; lastKnownFileType = wrapper.framework; name = CoreGraphics.framework; path = System/Library/Frameworks/CoreGraphics.framework; sourceTree = SDKROOT; };
		3BF71B2D1800978900A8FDFA /* UIKit.framework */ = {isa = PBXFileReference; lastKnownFileType = wrapper.framework; name = UIKit.framework; path = System/Library/Frameworks/UIKit.framework; sourceTree = SDKROOT; };
		3BF71B311800978900A8FDFA /* PiVision-Info.plist */ = {isa = PBXFileReference; lastKnownFileType = text.plist.xml; path = "PiVision-Info.plist"; sourceTree = "<group>"; };
		3BF71B331800978900A8FDFA /* en */ = {isa = PBXFileReference; lastKnownFileType = text.plist.strings; name = en; path = en.lproj/InfoPlist.strings; sourceTree = "<group>"; };
		3BF71B351800978900A8FDFA /* main.m */ = {isa = PBXFileReference; lastKnownFileType = sourcecode.c.objc; path = main.m; sourceTree = "<group>"; };
		3BF71B371800978900A8FDFA /* PiVision-Prefix.pch */ = {isa = PBXFileReference; lastKnownFileType = sourcecode.c.h; path = "PiVision-Prefix.pch"; sourceTree = "<group>"; };
		3BF71B381800978900A8FDFA /* PVAppDelegate.h */ = {isa = PBXFileReference; lastKnownFileType = sourcecode.c.h; path = PVAppDelegate.h; sourceTree = "<group>"; };
		3BF71B391800978900A8FDFA /* PVAppDelegate.m */ = {isa = PBXFileReference; lastKnownFileType = sourcecode.c.objc; path = PVAppDelegate.m; sourceTree = "<group>"; };
		3BF71B441800978900A8FDFA /* Images.xcassets */ = {isa = PBXFileReference; lastKnownFileType = folder.assetcatalog; path = Images.xcassets; sourceTree = "<group>"; };
		3BF71B4A1800978900A8FDFA /* PiVisionTests.xctest */ = {isa = PBXFileReference; explicitFileType = wrapper.cfbundle; includeInIndex = 0; path = PiVisionTests.xctest; sourceTree = BUILT_PRODUCTS_DIR; };
		3BF71B4B1800978900A8FDFA /* XCTest.framework */ = {isa = PBXFileReference; lastKnownFileType = wrapper.framework; name = XCTest.framework; path = Library/Frameworks/XCTest.framework; sourceTree = DEVELOPER_DIR; };
		3BF71B531800978900A8FDFA /* PiVisionTests-Info.plist */ = {isa = PBXFileReference; lastKnownFileType = text.plist.xml; path = "PiVisionTests-Info.plist"; sourceTree = "<group>"; };
		3BF71B551800978900A8FDFA /* en */ = {isa = PBXFileReference; lastKnownFileType = text.plist.strings; name = en; path = en.lproj/InfoPlist.strings; sourceTree = "<group>"; };
		3BF71B571800978900A8FDFA /* PiVisionTests.m */ = {isa = PBXFileReference; lastKnownFileType = sourcecode.c.objc; path = PiVisionTests.m; sourceTree = "<group>"; };
		3BF71B61180097EF00A8FDFA /* PVTabBarController.h */ = {isa = PBXFileReference; fileEncoding = 4; lastKnownFileType = sourcecode.c.h; path = PVTabBarController.h; sourceTree = "<group>"; };
		3BF71B62180097EF00A8FDFA /* PVTabBarController.m */ = {isa = PBXFileReference; fileEncoding = 4; lastKnownFileType = sourcecode.c.objc; path = PVTabBarController.m; sourceTree = "<group>"; };
		3BF71B641800989500A8FDFA /* PVMyEpisodesViewController.h */ = {isa = PBXFileReference; fileEncoding = 4; lastKnownFileType = sourcecode.c.h; path = PVMyEpisodesViewController.h; sourceTree = "<group>"; };
		3BF71B651800989500A8FDFA /* PVMyEpisodesViewController.m */ = {isa = PBXFileReference; fileEncoding = 4; lastKnownFileType = sourcecode.c.objc; path = PVMyEpisodesViewController.m; sourceTree = "<group>"; };
		3BF71B67180098B300A8FDFA /* PVUpcomingEpisodesViewController.h */ = {isa = PBXFileReference; fileEncoding = 4; lastKnownFileType = sourcecode.c.h; path = PVUpcomingEpisodesViewController.h; sourceTree = "<group>"; };
		3BF71B68180098B300A8FDFA /* PVUpcomingEpisodesViewController.m */ = {isa = PBXFileReference; fileEncoding = 4; lastKnownFileType = sourcecode.c.objc; path = PVUpcomingEpisodesViewController.m; sourceTree = "<group>"; };
		3BF71B6A1800993D00A8FDFA /* PVTableViewController.h */ = {isa = PBXFileReference; fileEncoding = 4; lastKnownFileType = sourcecode.c.h; path = PVTableViewController.h; sourceTree = "<group>"; };
		3BF71B6B1800993D00A8FDFA /* PVTableViewController.m */ = {isa = PBXFileReference; fileEncoding = 4; lastKnownFileType = sourcecode.c.objc; path = PVTableViewController.m; sourceTree = "<group>"; };
		3BF71B731800A93D00A8FDFA /* UIColor+HexString.h */ = {isa = PBXFileReference; fileEncoding = 4; lastKnownFileType = sourcecode.c.h; path = "UIColor+HexString.h"; sourceTree = "<group>"; };
		3BF71B741800A93D00A8FDFA /* UIColor+HexString.m */ = {isa = PBXFileReference; fileEncoding = 4; lastKnownFileType = sourcecode.c.objc; path = "UIColor+HexString.m"; sourceTree = "<group>"; };
		3BF71B751800A93D00A8FDFA /* NSTimer+Blocks.h */ = {isa = PBXFileReference; fileEncoding = 4; lastKnownFileType = sourcecode.c.h; path = "NSTimer+Blocks.h"; sourceTree = "<group>"; };
		3BF71B761800A93D00A8FDFA /* NSTimer+Blocks.m */ = {isa = PBXFileReference; fileEncoding = 4; lastKnownFileType = sourcecode.c.objc; path = "NSTimer+Blocks.m"; sourceTree = "<group>"; };
		3BF71B771800A93D00A8FDFA /* UIView+Layout.h */ = {isa = PBXFileReference; fileEncoding = 4; lastKnownFileType = sourcecode.c.h; path = "UIView+Layout.h"; sourceTree = "<group>"; };
		3BF71B781800A93D00A8FDFA /* UIView+Layout.m */ = {isa = PBXFileReference; fileEncoding = 4; lastKnownFileType = sourcecode.c.objc; path = "UIView+Layout.m"; sourceTree = "<group>"; };
		3BF71B791800A93D00A8FDFA /* UIAlertView+MKBlockAdditions.h */ = {isa = PBXFileReference; fileEncoding = 4; lastKnownFileType = sourcecode.c.h; path = "UIAlertView+MKBlockAdditions.h"; sourceTree = "<group>"; };
		3BF71B7A1800A93D00A8FDFA /* UIAlertView+MKBlockAdditions.m */ = {isa = PBXFileReference; fileEncoding = 4; lastKnownFileType = sourcecode.c.objc; path = "UIAlertView+MKBlockAdditions.m"; sourceTree = "<group>"; };
		3BF71B7F1800AC8500A8FDFA /* PVSegmentedViewController.h */ = {isa = PBXFileReference; fileEncoding = 4; lastKnownFileType = sourcecode.c.h; path = PVSegmentedViewController.h; sourceTree = "<group>"; };
		3BF71B801800AC8500A8FDFA /* PVSegmentedViewController.m */ = {isa = PBXFileReference; fileEncoding = 4; lastKnownFileType = sourcecode.c.objc; path = PVSegmentedViewController.m; sourceTree = "<group>"; };
		3BF71B821800B8C900A8FDFA /* PVSegmentedControl.h */ = {isa = PBXFileReference; fileEncoding = 4; lastKnownFileType = sourcecode.c.h; path = PVSegmentedControl.h; sourceTree = "<group>"; };
		3BF71B831800B8C900A8FDFA /* PVSegmentedControl.m */ = {isa = PBXFileReference; fileEncoding = 4; lastKnownFileType = sourcecode.c.objc; path = PVSegmentedControl.m; sourceTree = "<group>"; };
		3BF71B8A1800D89500A8FDFA /* PVRecentEpisodesViewController.h */ = {isa = PBXFileReference; fileEncoding = 4; lastKnownFileType = sourcecode.c.h; path = PVRecentEpisodesViewController.h; sourceTree = "<group>"; };
		3BF71B8B1800D89500A8FDFA /* PVRecentEpisodesViewController.m */ = {isa = PBXFileReference; fileEncoding = 4; lastKnownFileType = sourcecode.c.objc; path = PVRecentEpisodesViewController.m; sourceTree = "<group>"; };
		3BF71B8D1800DBFA00A8FDFA /* PVAllEpisodesViewController.h */ = {isa = PBXFileReference; fileEncoding = 4; lastKnownFileType = sourcecode.c.h; path = PVAllEpisodesViewController.h; sourceTree = "<group>"; };
		3BF71B8E1800DBFA00A8FDFA /* PVAllEpisodesViewController.m */ = {isa = PBXFileReference; fileEncoding = 4; lastKnownFileType = sourcecode.c.objc; path = PVAllEpisodesViewController.m; sourceTree = "<group>"; };
		3BF71B901800DCD100A8FDFA /* PVGridViewController.h */ = {isa = PBXFileReference; fileEncoding = 4; lastKnownFileType = sourcecode.c.h; path = PVGridViewController.h; sourceTree = "<group>"; };
		3BF71B911800DCD100A8FDFA /* PVGridViewController.m */ = {isa = PBXFileReference; fileEncoding = 4; lastKnownFileType = sourcecode.c.objc; path = PVGridViewController.m; sourceTree = "<group>"; };
		3BF71B951800E4DD00A8FDFA /* PVEpisode.h */ = {isa = PBXFileReference; fileEncoding = 4; lastKnownFileType = sourcecode.c.h; path = PVEpisode.h; sourceTree = "<group>"; };
		3BF71B961800E4DD00A8FDFA /* PVEpisode.m */ = {isa = PBXFileReference; fileEncoding = 4; lastKnownFileType = sourcecode.c.objc; path = PVEpisode.m; sourceTree = "<group>"; };
		3BF71B991800E95300A8FDFA /* PVScheduleViewController.h */ = {isa = PBXFileReference; fileEncoding = 4; lastKnownFileType = sourcecode.c.h; path = PVScheduleViewController.h; sourceTree = "<group>"; };
		3BF71B9A1800E95300A8FDFA /* PVScheduleViewController.m */ = {isa = PBXFileReference; fileEncoding = 4; lastKnownFileType = sourcecode.c.objc; path = PVScheduleViewController.m; sourceTree = "<group>"; };
		3BF71B9C1800EC2F00A8FDFA /* PVGridCell.h */ = {isa = PBXFileReference; fileEncoding = 4; lastKnownFileType = sourcecode.c.h; path = PVGridCell.h; sourceTree = "<group>"; };
		3BF71B9D1800EC2F00A8FDFA /* PVGridCell.m */ = {isa = PBXFileReference; fileEncoding = 4; lastKnownFileType = sourcecode.c.objc; path = PVGridCell.m; sourceTree = "<group>"; };
		3BF71BA01800F2E100A8FDFA /* PVEpisodeGridLayout.h */ = {isa = PBXFileReference; fileEncoding = 4; lastKnownFileType = sourcecode.c.h; path = PVEpisodeGridLayout.h; sourceTree = "<group>"; };
		3BF71BA11800F2E100A8FDFA /* PVEpisodeGridLayout.m */ = {isa = PBXFileReference; fileEncoding = 4; lastKnownFileType = sourcecode.c.objc; path = PVEpisodeGridLayout.m; sourceTree = "<group>"; };
		3BF71BA31800F51700A8FDFA /* PVEpisodeDataSource.h */ = {isa = PBXFileReference; lastKnownFileType = sourcecode.c.h; path = PVEpisodeDataSource.h; sourceTree = "<group>"; };
		3BF71BA4180104AA00A8FDFA /* PVGridHeaderView.h */ = {isa = PBXFileReference; fileEncoding = 4; lastKnownFileType = sourcecode.c.h; path = PVGridHeaderView.h; sourceTree = "<group>"; };
		3BF71BA5180104AA00A8FDFA /* PVGridHeaderView.m */ = {isa = PBXFileReference; fileEncoding = 4; lastKnownFileType = sourcecode.c.objc; path = PVGridHeaderView.m; sourceTree = "<group>"; };
		3BF71BA7180120D500A8FDFA /* PVUtility.h */ = {isa = PBXFileReference; fileEncoding = 4; lastKnownFileType = sourcecode.c.h; path = PVUtility.h; sourceTree = "<group>"; };
		3BF71BA8180120D500A8FDFA /* PVUtility.m */ = {isa = PBXFileReference; fileEncoding = 4; lastKnownFileType = sourcecode.c.objc; path = PVUtility.m; sourceTree = "<group>"; };
		3BF71BB018012DD700A8FDFA /* PVEpisodeViewController.h */ = {isa = PBXFileReference; fileEncoding = 4; lastKnownFileType = sourcecode.c.h; path = PVEpisodeViewController.h; sourceTree = "<group>"; };
		3BF71BB118012DD700A8FDFA /* PVEpisodeViewController.m */ = {isa = PBXFileReference; fileEncoding = 4; lastKnownFileType = sourcecode.c.objc; path = PVEpisodeViewController.m; sourceTree = "<group>"; };
		3BF71BB218012DD700A8FDFA /* PVEpisodeViewController.xib */ = {isa = PBXFileReference; fileEncoding = 4; lastKnownFileType = file.xib; path = PVEpisodeViewController.xib; sourceTree = "<group>"; };
		3BF71BB8180155FA00A8FDFA /* AsyncImageView.h */ = {isa = PBXFileReference; fileEncoding = 4; lastKnownFileType = sourcecode.c.h; name = AsyncImageView.h; path = AsyncImageView/AsyncImageView.h; sourceTree = "<group>"; };
		3BF71BB9180155FA00A8FDFA /* AsyncImageView.m */ = {isa = PBXFileReference; fileEncoding = 4; lastKnownFileType = sourcecode.c.objc; name = AsyncImageView.m; path = AsyncImageView/AsyncImageView.m; sourceTree = "<group>"; };
/* End PBXFileReference section */

/* Begin PBXFrameworksBuildPhase section */
		3BF71B231800978900A8FDFA /* Frameworks */ = {
			isa = PBXFrameworksBuildPhase;
			buildActionMask = 2147483647;
			files = (
				02B5B38518015FBC0060565C /* libz.dylib in Frameworks */,
				3BF71B2C1800978900A8FDFA /* CoreGraphics.framework in Frameworks */,
				3BF71B2E1800978900A8FDFA /* UIKit.framework in Frameworks */,
				3BF71B2A1800978900A8FDFA /* Foundation.framework in Frameworks */,
			);
			runOnlyForDeploymentPostprocessing = 0;
		};
		3BF71B471800978900A8FDFA /* Frameworks */ = {
			isa = PBXFrameworksBuildPhase;
			buildActionMask = 2147483647;
			files = (
				3BF71B4C1800978900A8FDFA /* XCTest.framework in Frameworks */,
				3BF71B4E1800978900A8FDFA /* UIKit.framework in Frameworks */,
				3BF71B4D1800978900A8FDFA /* Foundation.framework in Frameworks */,
			);
			runOnlyForDeploymentPostprocessing = 0;
		};
/* End PBXFrameworksBuildPhase section */

/* Begin PBXGroup section */
		0217BDB118015DDA0063EDA1 /* ASIHTTPRequest */ = {
			isa = PBXGroup;
			children = (
				0217BDB218015DDA0063EDA1 /* ASIAuthenticationDialog.h */,
				0217BDB318015DDA0063EDA1 /* ASIAuthenticationDialog.m */,
				0217BDB418015DDA0063EDA1 /* ASICacheDelegate.h */,
				0217BDB518015DDA0063EDA1 /* ASIDataCompressor.h */,
				0217BDB618015DDA0063EDA1 /* ASIDataCompressor.m */,
				0217BDB718015DDA0063EDA1 /* ASIDataDecompressor.h */,
				0217BDB818015DDA0063EDA1 /* ASIDataDecompressor.m */,
				0217BDB918015DDA0063EDA1 /* ASIDownloadCache.h */,
				0217BDBA18015DDA0063EDA1 /* ASIDownloadCache.m */,
				0217BDBB18015DDA0063EDA1 /* ASIFormDataRequest.h */,
				0217BDBC18015DDA0063EDA1 /* ASIFormDataRequest.m */,
				0217BDBD18015DDA0063EDA1 /* ASIHTTPRequest.h */,
				0217BDBE18015DDA0063EDA1 /* ASIHTTPRequest.m */,
				0217BDBF18015DDA0063EDA1 /* ASIHTTPRequestConfig.h */,
				0217BDC018015DDA0063EDA1 /* ASIHTTPRequestDelegate.h */,
				0217BDC118015DDA0063EDA1 /* ASIInputStream.h */,
				0217BDC218015DDA0063EDA1 /* ASIInputStream.m */,
				0217BDC518015DDA0063EDA1 /* ASIProgressDelegate.h */,
			);
			name = ASIHTTPRequest;
			path = ASIHTTPRequest/Classes;
			sourceTree = "<group>";
		};
		02B5B38018015F8E0060565C /* Reachability */ = {
			isa = PBXGroup;
			children = (
				02B5B38118015F8E0060565C /* Reachability.h */,
				02B5B38218015F8E0060565C /* Reachability.m */,
			);
			path = Reachability;
			sourceTree = "<group>";
		};
		3BF71B1D1800978900A8FDFA = {
			isa = PBXGroup;
			children = (
				02B5B38018015F8E0060565C /* Reachability */,
				0217BDB118015DDA0063EDA1 /* ASIHTTPRequest */,
				3BF71BB6180155FA00A8FDFA /* AsyncImageView */,
				3BF71B2F1800978900A8FDFA /* PiVision */,
				3BF71B511800978900A8FDFA /* PiVisionTests */,
				3BF71B281800978900A8FDFA /* Frameworks */,
				3BF71B271800978900A8FDFA /* Products */,
			);
			sourceTree = "<group>";
		};
		3BF71B271800978900A8FDFA /* Products */ = {
			isa = PBXGroup;
			children = (
				3BF71B261800978900A8FDFA /* PiVision.app */,
				3BF71B4A1800978900A8FDFA /* PiVisionTests.xctest */,
			);
			name = Products;
			sourceTree = "<group>";
		};
		3BF71B281800978900A8FDFA /* Frameworks */ = {
			isa = PBXGroup;
			children = (
				02B5B38418015FBC0060565C /* libz.dylib */,
				3BF71B291800978900A8FDFA /* Foundation.framework */,
				3BF71B2B1800978900A8FDFA /* CoreGraphics.framework */,
				3BF71B2D1800978900A8FDFA /* UIKit.framework */,
				3BF71B4B1800978900A8FDFA /* XCTest.framework */,
			);
			name = Frameworks;
			sourceTree = "<group>";
		};
		3BF71B2F1800978900A8FDFA /* PiVision */ = {
			isa = PBXGroup;
			children = (
				3BF71B381800978900A8FDFA /* PVAppDelegate.h */,
				3BF71B391800978900A8FDFA /* PVAppDelegate.m */,
				3BF71B61180097EF00A8FDFA /* PVTabBarController.h */,
				3BF71B62180097EF00A8FDFA /* PVTabBarController.m */,
				3BF71BB51801309C00A8FDFA /* Episode View Controller */,
				3BF71B881800D3CF00A8FDFA /* Shared */,
				3BF71B981800E4F300A8FDFA /* Model */,
				3BF71B931800DCFD00A8FDFA /* Schedule */,
				3BF71B861800D39200A8FDFA /* Upcoming Episodes */,
				3BF71B851800D34B00A8FDFA /* My Episodes */,
				3BF71B441800978900A8FDFA /* Images.xcassets */,
				3BF71B301800978900A8FDFA /* Supporting Files */,
			);
			path = PiVision;
			sourceTree = "<group>";
		};
		3BF71B301800978900A8FDFA /* Supporting Files */ = {
			isa = PBXGroup;
			children = (
				3BF71B311800978900A8FDFA /* PiVision-Info.plist */,
				3BF71B321800978900A8FDFA /* InfoPlist.strings */,
				3BF71B351800978900A8FDFA /* main.m */,
				3BF71B371800978900A8FDFA /* PiVision-Prefix.pch */,
			);
			name = "Supporting Files";
			sourceTree = "<group>";
		};
		3BF71B511800978900A8FDFA /* PiVisionTests */ = {
			isa = PBXGroup;
			children = (
				3BF71B571800978900A8FDFA /* PiVisionTests.m */,
				3BF71B521800978900A8FDFA /* Supporting Files */,
			);
			path = PiVisionTests;
			sourceTree = "<group>";
		};
		3BF71B521800978900A8FDFA /* Supporting Files */ = {
			isa = PBXGroup;
			children = (
				3BF71B531800978900A8FDFA /* PiVisionTests-Info.plist */,
				3BF71B541800978900A8FDFA /* InfoPlist.strings */,
			);
			name = "Supporting Files";
			sourceTree = "<group>";
		};
		3BF71B6E1800A7FF00A8FDFA /* View */ = {
			isa = PBXGroup;
			children = (
				3BF71B821800B8C900A8FDFA /* PVSegmentedControl.h */,
				3BF71B831800B8C900A8FDFA /* PVSegmentedControl.m */,
			);
			name = View;
			sourceTree = "<group>";
		};
		3BF71B721800A91C00A8FDFA /* Categories */ = {
			isa = PBXGroup;
			children = (
				3BF71B731800A93D00A8FDFA /* UIColor+HexString.h */,
				3BF71B741800A93D00A8FDFA /* UIColor+HexString.m */,
				3BF71B751800A93D00A8FDFA /* NSTimer+Blocks.h */,
				3BF71B761800A93D00A8FDFA /* NSTimer+Blocks.m */,
				3BF71B771800A93D00A8FDFA /* UIView+Layout.h */,
				3BF71B781800A93D00A8FDFA /* UIView+Layout.m */,
				3BF71B791800A93D00A8FDFA /* UIAlertView+MKBlockAdditions.h */,
				3BF71B7A1800A93D00A8FDFA /* UIAlertView+MKBlockAdditions.m */,
			);
			name = Categories;
			sourceTree = "<group>";
		};
		3BF71B851800D34B00A8FDFA /* My Episodes */ = {
			isa = PBXGroup;
			children = (
				3BF71B6E1800A7FF00A8FDFA /* View */,
				3BF71B871800D3A500A8FDFA /* Controller */,
			);
			name = "My Episodes";
			sourceTree = "<group>";
		};
		3BF71B861800D39200A8FDFA /* Upcoming Episodes */ = {
			isa = PBXGroup;
			children = (
				3BF71B67180098B300A8FDFA /* PVUpcomingEpisodesViewController.h */,
				3BF71B68180098B300A8FDFA /* PVUpcomingEpisodesViewController.m */,
			);
			name = "Upcoming Episodes";
			sourceTree = "<group>";
		};
		3BF71B871800D3A500A8FDFA /* Controller */ = {
			isa = PBXGroup;
			children = (
				3BF71B7F1800AC8500A8FDFA /* PVSegmentedViewController.h */,
				3BF71B801800AC8500A8FDFA /* PVSegmentedViewController.m */,
				3BF71B641800989500A8FDFA /* PVMyEpisodesViewController.h */,
				3BF71B651800989500A8FDFA /* PVMyEpisodesViewController.m */,
				3BF71B8A1800D89500A8FDFA /* PVRecentEpisodesViewController.h */,
				3BF71B8B1800D89500A8FDFA /* PVRecentEpisodesViewController.m */,
				3BF71B8D1800DBFA00A8FDFA /* PVAllEpisodesViewController.h */,
				3BF71B8E1800DBFA00A8FDFA /* PVAllEpisodesViewController.m */,
			);
			name = Controller;
			sourceTree = "<group>";
		};
		3BF71B881800D3CF00A8FDFA /* Shared */ = {
			isa = PBXGroup;
			children = (
				3BF71B721800A91C00A8FDFA /* Categories */,
				3BF71B891800D3D500A8FDFA /* Controller */,
				3BF71BA7180120D500A8FDFA /* PVUtility.h */,
				3BF71BA8180120D500A8FDFA /* PVUtility.m */,
			);
			name = Shared;
			sourceTree = "<group>";
		};
		3BF71B891800D3D500A8FDFA /* Controller */ = {
			isa = PBXGroup;
			children = (
				02B5B386180161170060565C /* PVRoviManager.h */,
				02B5B387180161170060565C /* PVRoviManager.m */,
				3BF71B6A1800993D00A8FDFA /* PVTableViewController.h */,
				3BF71B6B1800993D00A8FDFA /* PVTableViewController.m */,
			);
			name = Controller;
			sourceTree = "<group>";
		};
		3BF71B931800DCFD00A8FDFA /* Schedule */ = {
			isa = PBXGroup;
			children = (
				3BF71B941800DD0400A8FDFA /* Controller */,
				3BF71B9F1800EC3C00A8FDFA /* View */,
			);
			name = Schedule;
			sourceTree = "<group>";
		};
		3BF71B941800DD0400A8FDFA /* Controller */ = {
			isa = PBXGroup;
			children = (
				3BF71BA31800F51700A8FDFA /* PVEpisodeDataSource.h */,
				3BF71B991800E95300A8FDFA /* PVScheduleViewController.h */,
				3BF71B9A1800E95300A8FDFA /* PVScheduleViewController.m */,
				3BF71B901800DCD100A8FDFA /* PVGridViewController.h */,
				3BF71B911800DCD100A8FDFA /* PVGridViewController.m */,
			);
			name = Controller;
			sourceTree = "<group>";
		};
		3BF71B981800E4F300A8FDFA /* Model */ = {
			isa = PBXGroup;
			children = (
				02B5B389180169340060565C /* PVChannel.h */,
				02B5B38A180169340060565C /* PVChannel.m */,
				3BF71B951800E4DD00A8FDFA /* PVEpisode.h */,
				3BF71B961800E4DD00A8FDFA /* PVEpisode.m */,
			);
			name = Model;
			sourceTree = "<group>";
		};
		3BF71B9F1800EC3C00A8FDFA /* View */ = {
			isa = PBXGroup;
			children = (
				3BF71B9C1800EC2F00A8FDFA /* PVGridCell.h */,
				3BF71B9D1800EC2F00A8FDFA /* PVGridCell.m */,
				3BF71BA4180104AA00A8FDFA /* PVGridHeaderView.h */,
				3BF71BA5180104AA00A8FDFA /* PVGridHeaderView.m */,
				3BF71BA01800F2E100A8FDFA /* PVEpisodeGridLayout.h */,
				3BF71BA11800F2E100A8FDFA /* PVEpisodeGridLayout.m */,
			);
			name = View;
			sourceTree = "<group>";
		};
		3BF71BB51801309C00A8FDFA /* Episode View Controller */ = {
			isa = PBXGroup;
			children = (
				3BF71BB018012DD700A8FDFA /* PVEpisodeViewController.h */,
				3BF71BB118012DD700A8FDFA /* PVEpisodeViewController.m */,
				3BF71BB218012DD700A8FDFA /* PVEpisodeViewController.xib */,
			);
			name = "Episode View Controller";
			sourceTree = "<group>";
		};
		3BF71BB6180155FA00A8FDFA /* AsyncImageView */ = {
			isa = PBXGroup;
			children = (
				3BF71BB8180155FA00A8FDFA /* AsyncImageView.h */,
				3BF71BB9180155FA00A8FDFA /* AsyncImageView.m */,
			);
			path = AsyncImageView;
			sourceTree = "<group>";
		};
/* End PBXGroup section */

/* Begin PBXNativeTarget section */
		3BF71B251800978900A8FDFA /* PiVision */ = {
			isa = PBXNativeTarget;
			buildConfigurationList = 3BF71B5B1800978900A8FDFA /* Build configuration list for PBXNativeTarget "PiVision" */;
			buildPhases = (
				3BF71B221800978900A8FDFA /* Sources */,
				3BF71B231800978900A8FDFA /* Frameworks */,
				3BF71B241800978900A8FDFA /* Resources */,
			);
			buildRules = (
			);
			dependencies = (
			);
			name = PiVision;
			productName = PiVision;
			productReference = 3BF71B261800978900A8FDFA /* PiVision.app */;
			productType = "com.apple.product-type.application";
		};
		3BF71B491800978900A8FDFA /* PiVisionTests */ = {
			isa = PBXNativeTarget;
			buildConfigurationList = 3BF71B5E1800978900A8FDFA /* Build configuration list for PBXNativeTarget "PiVisionTests" */;
			buildPhases = (
				3BF71B461800978900A8FDFA /* Sources */,
				3BF71B471800978900A8FDFA /* Frameworks */,
				3BF71B481800978900A8FDFA /* Resources */,
			);
			buildRules = (
			);
			dependencies = (
				3BF71B501800978900A8FDFA /* PBXTargetDependency */,
			);
			name = PiVisionTests;
			productName = PiVisionTests;
			productReference = 3BF71B4A1800978900A8FDFA /* PiVisionTests.xctest */;
			productType = "com.apple.product-type.bundle.unit-test";
		};
/* End PBXNativeTarget section */

/* Begin PBXProject section */
		3BF71B1E1800978900A8FDFA /* Project object */ = {
			isa = PBXProject;
			attributes = {
				CLASSPREFIX = PV;
				LastUpgradeCheck = 0500;
				ORGANIZATIONNAME = PiVision;
				TargetAttributes = {
					3BF71B491800978900A8FDFA = {
						TestTargetID = 3BF71B251800978900A8FDFA;
					};
				};
			};
			buildConfigurationList = 3BF71B211800978900A8FDFA /* Build configuration list for PBXProject "PiVision" */;
			compatibilityVersion = "Xcode 3.2";
			developmentRegion = English;
			hasScannedForEncodings = 0;
			knownRegions = (
				en,
				Base,
				English,
			);
			mainGroup = 3BF71B1D1800978900A8FDFA;
			productRefGroup = 3BF71B271800978900A8FDFA /* Products */;
			projectDirPath = "";
			projectRoot = "";
			targets = (
				3BF71B251800978900A8FDFA /* PiVision */,
				3BF71B491800978900A8FDFA /* PiVisionTests */,
			);
		};
/* End PBXProject section */

/* Begin PBXResourcesBuildPhase section */
		3BF71B241800978900A8FDFA /* Resources */ = {
			isa = PBXResourcesBuildPhase;
			buildActionMask = 2147483647;
			files = (
				3BF71B451800978900A8FDFA /* Images.xcassets in Resources */,
				3BF71BB418012DD700A8FDFA /* PVEpisodeViewController.xib in Resources */,
				3BF71B341800978900A8FDFA /* InfoPlist.strings in Resources */,
			);
			runOnlyForDeploymentPostprocessing = 0;
		};
		3BF71B481800978900A8FDFA /* Resources */ = {
			isa = PBXResourcesBuildPhase;
			buildActionMask = 2147483647;
			files = (
				3BF71B561800978900A8FDFA /* InfoPlist.strings in Resources */,
			);
			runOnlyForDeploymentPostprocessing = 0;
		};
/* End PBXResourcesBuildPhase section */

/* Begin PBXSourcesBuildPhase section */
		3BF71B221800978900A8FDFA /* Sources */ = {
			isa = PBXSourcesBuildPhase;
			buildActionMask = 2147483647;
			files = (
				02B5B38B180169340060565C /* PVChannel.m in Sources */,
				3BF71B3A1800978900A8FDFA /* PVAppDelegate.m in Sources */,
				3BF71BA21800F2E100A8FDFA /* PVEpisodeGridLayout.m in Sources */,
				3BF71B8C1800D89500A8FDFA /* PVRecentEpisodesViewController.m in Sources */,
				0217BE0418015DDA0063EDA1 /* ASIAuthenticationDialog.m in Sources */,
				0217BE0918015DDA0063EDA1 /* ASIHTTPRequest.m in Sources */,
				3BF71B6C1800993D00A8FDFA /* PVTableViewController.m in Sources */,
				0217BE0718015DDA0063EDA1 /* ASIDownloadCache.m in Sources */,
				3BF71B811800AC8500A8FDFA /* PVSegmentedViewController.m in Sources */,
				0217BE0818015DDA0063EDA1 /* ASIFormDataRequest.m in Sources */,
				3BF71BF8180155FA00A8FDFA /* AsyncImageView.m in Sources */,
				3BF71B921800DCD100A8FDFA /* PVGridViewController.m in Sources */,
				02B5B388180161170060565C /* PVRoviManager.m in Sources */,
				02B5B38318015F8E0060565C /* Reachability.m in Sources */,
				3BF71B971800E4DD00A8FDFA /* PVEpisode.m in Sources */,
				3BF71B7B1800A93D00A8FDFA /* UIColor+HexString.m in Sources */,
				3BF71B7C1800A93D00A8FDFA /* NSTimer+Blocks.m in Sources */,
				3BF71B7E1800A93D00A8FDFA /* UIAlertView+MKBlockAdditions.m in Sources */,
				3BF71B9E1800EC2F00A8FDFA /* PVGridCell.m in Sources */,
				3BF71B361800978900A8FDFA /* main.m in Sources */,
				0217BE0618015DDA0063EDA1 /* ASIDataDecompressor.m in Sources */,
				0217BE0518015DDA0063EDA1 /* ASIDataCompressor.m in Sources */,
				0217BE0A18015DDA0063EDA1 /* ASIInputStream.m in Sources */,
				3BF71B69180098B300A8FDFA /* PVUpcomingEpisodesViewController.m in Sources */,
				3BF71BA6180104AA00A8FDFA /* PVGridHeaderView.m in Sources */,
				3BF71B63180097EF00A8FDFA /* PVTabBarController.m in Sources */,
				3BF71B7D1800A93D00A8FDFA /* UIView+Layout.m in Sources */,
				3BF71B841800B8C900A8FDFA /* PVSegmentedControl.m in Sources */,
				3BF71B9B1800E95300A8FDFA /* PVScheduleViewController.m in Sources */,
				3BF71BB318012DD700A8FDFA /* PVEpisodeViewController.m in Sources */,
				3BF71BA9180120D500A8FDFA /* PVUtility.m in Sources */,
				3BF71B661800989500A8FDFA /* PVMyEpisodesViewController.m in Sources */,
				3BF71B8F1800DBFA00A8FDFA /* PVAllEpisodesViewController.m in Sources */,
			);
			runOnlyForDeploymentPostprocessing = 0;
		};
		3BF71B461800978900A8FDFA /* Sources */ = {
			isa = PBXSourcesBuildPhase;
			buildActionMask = 2147483647;
			files = (
				3BF71B581800978900A8FDFA /* PiVisionTests.m in Sources */,
			);
			runOnlyForDeploymentPostprocessing = 0;
		};
/* End PBXSourcesBuildPhase section */

/* Begin PBXTargetDependency section */
		3BF71B501800978900A8FDFA /* PBXTargetDependency */ = {
			isa = PBXTargetDependency;
			target = 3BF71B251800978900A8FDFA /* PiVision */;
			targetProxy = 3BF71B4F1800978900A8FDFA /* PBXContainerItemProxy */;
		};
/* End PBXTargetDependency section */

/* Begin PBXVariantGroup section */
		3BF71B321800978900A8FDFA /* InfoPlist.strings */ = {
			isa = PBXVariantGroup;
			children = (
				3BF71B331800978900A8FDFA /* en */,
			);
			name = InfoPlist.strings;
			sourceTree = "<group>";
		};
		3BF71B541800978900A8FDFA /* InfoPlist.strings */ = {
			isa = PBXVariantGroup;
			children = (
				3BF71B551800978900A8FDFA /* en */,
			);
			name = InfoPlist.strings;
			sourceTree = "<group>";
		};
/* End PBXVariantGroup section */

/* Begin XCBuildConfiguration section */
		3BF71B591800978900A8FDFA /* Debug */ = {
			isa = XCBuildConfiguration;
			buildSettings = {
				ALWAYS_SEARCH_USER_PATHS = NO;
				ARCHS = "$(ARCHS_STANDARD_INCLUDING_64_BIT)";
				CLANG_CXX_LANGUAGE_STANDARD = "gnu++0x";
				CLANG_CXX_LIBRARY = "libc++";
				CLANG_ENABLE_MODULES = YES;
				CLANG_ENABLE_OBJC_ARC = YES;
				CLANG_WARN_BOOL_CONVERSION = YES;
				CLANG_WARN_CONSTANT_CONVERSION = YES;
				CLANG_WARN_DIRECT_OBJC_ISA_USAGE = YES_ERROR;
				CLANG_WARN_EMPTY_BODY = YES;
				CLANG_WARN_ENUM_CONVERSION = YES;
				CLANG_WARN_INT_CONVERSION = YES;
				CLANG_WARN_OBJC_ROOT_CLASS = YES_ERROR;
				CLANG_WARN__DUPLICATE_METHOD_MATCH = YES;
				"CODE_SIGN_IDENTITY[sdk=iphoneos*]" = "iPhone Developer";
				COPY_PHASE_STRIP = NO;
				GCC_C_LANGUAGE_STANDARD = gnu99;
				GCC_DYNAMIC_NO_PIC = NO;
				GCC_OPTIMIZATION_LEVEL = 0;
				GCC_PREPROCESSOR_DEFINITIONS = (
					"DEBUG=1",
					"$(inherited)",
				);
				GCC_SYMBOLS_PRIVATE_EXTERN = NO;
				GCC_WARN_64_TO_32_BIT_CONVERSION = YES;
				GCC_WARN_ABOUT_RETURN_TYPE = YES_ERROR;
				GCC_WARN_UNDECLARED_SELECTOR = YES;
				GCC_WARN_UNINITIALIZED_AUTOS = YES;
				GCC_WARN_UNUSED_FUNCTION = YES;
				GCC_WARN_UNUSED_VARIABLE = YES;
				IPHONEOS_DEPLOYMENT_TARGET = 7.0;
				ONLY_ACTIVE_ARCH = YES;
				SDKROOT = iphoneos;
			};
			name = Debug;
		};
		3BF71B5A1800978900A8FDFA /* Release */ = {
			isa = XCBuildConfiguration;
			buildSettings = {
				ALWAYS_SEARCH_USER_PATHS = NO;
				ARCHS = "$(ARCHS_STANDARD_INCLUDING_64_BIT)";
				CLANG_CXX_LANGUAGE_STANDARD = "gnu++0x";
				CLANG_CXX_LIBRARY = "libc++";
				CLANG_ENABLE_MODULES = YES;
				CLANG_ENABLE_OBJC_ARC = YES;
				CLANG_WARN_BOOL_CONVERSION = YES;
				CLANG_WARN_CONSTANT_CONVERSION = YES;
				CLANG_WARN_DIRECT_OBJC_ISA_USAGE = YES_ERROR;
				CLANG_WARN_EMPTY_BODY = YES;
				CLANG_WARN_ENUM_CONVERSION = YES;
				CLANG_WARN_INT_CONVERSION = YES;
				CLANG_WARN_OBJC_ROOT_CLASS = YES_ERROR;
				CLANG_WARN__DUPLICATE_METHOD_MATCH = YES;
				"CODE_SIGN_IDENTITY[sdk=iphoneos*]" = "iPhone Developer";
				COPY_PHASE_STRIP = YES;
				ENABLE_NS_ASSERTIONS = NO;
				GCC_C_LANGUAGE_STANDARD = gnu99;
				GCC_WARN_64_TO_32_BIT_CONVERSION = YES;
				GCC_WARN_ABOUT_RETURN_TYPE = YES_ERROR;
				GCC_WARN_UNDECLARED_SELECTOR = YES;
				GCC_WARN_UNINITIALIZED_AUTOS = YES;
				GCC_WARN_UNUSED_FUNCTION = YES;
				GCC_WARN_UNUSED_VARIABLE = YES;
				IPHONEOS_DEPLOYMENT_TARGET = 7.0;
				SDKROOT = iphoneos;
				VALIDATE_PRODUCT = YES;
			};
			name = Release;
		};
		3BF71B5C1800978900A8FDFA /* Debug */ = {
			isa = XCBuildConfiguration;
			buildSettings = {
				ASSETCATALOG_COMPILER_APPICON_NAME = AppIcon;
				ASSETCATALOG_COMPILER_LAUNCHIMAGE_NAME = LaunchImage;
				GCC_PRECOMPILE_PREFIX_HEADER = YES;
				GCC_PREFIX_HEADER = "PiVision/PiVision-Prefix.pch";
				INFOPLIST_FILE = "PiVision/PiVision-Info.plist";
				PRODUCT_NAME = "$(TARGET_NAME)";
				WRAPPER_EXTENSION = app;
			};
			name = Debug;
		};
		3BF71B5D1800978900A8FDFA /* Release */ = {
			isa = XCBuildConfiguration;
			buildSettings = {
				ASSETCATALOG_COMPILER_APPICON_NAME = AppIcon;
				ASSETCATALOG_COMPILER_LAUNCHIMAGE_NAME = LaunchImage;
				GCC_PRECOMPILE_PREFIX_HEADER = YES;
				GCC_PREFIX_HEADER = "PiVision/PiVision-Prefix.pch";
				INFOPLIST_FILE = "PiVision/PiVision-Info.plist";
				PRODUCT_NAME = "$(TARGET_NAME)";
				WRAPPER_EXTENSION = app;
			};
			name = Release;
		};
		3BF71B5F1800978900A8FDFA /* Debug */ = {
			isa = XCBuildConfiguration;
			buildSettings = {
				ARCHS = "$(ARCHS_STANDARD_INCLUDING_64_BIT)";
				BUNDLE_LOADER = "$(BUILT_PRODUCTS_DIR)/PiVision.app/PiVision";
				FRAMEWORK_SEARCH_PATHS = (
					"$(SDKROOT)/Developer/Library/Frameworks",
					"$(inherited)",
					"$(DEVELOPER_FRAMEWORKS_DIR)",
				);
				GCC_PRECOMPILE_PREFIX_HEADER = YES;
				GCC_PREFIX_HEADER = "PiVision/PiVision-Prefix.pch";
				GCC_PREPROCESSOR_DEFINITIONS = (
					"DEBUG=1",
					"$(inherited)",
				);
				INFOPLIST_FILE = "PiVisionTests/PiVisionTests-Info.plist";
				PRODUCT_NAME = "$(TARGET_NAME)";
				TEST_HOST = "$(BUNDLE_LOADER)";
				WRAPPER_EXTENSION = xctest;
			};
			name = Debug;
		};
		3BF71B601800978900A8FDFA /* Release */ = {
			isa = XCBuildConfiguration;
			buildSettings = {
				ARCHS = "$(ARCHS_STANDARD_INCLUDING_64_BIT)";
				BUNDLE_LOADER = "$(BUILT_PRODUCTS_DIR)/PiVision.app/PiVision";
				FRAMEWORK_SEARCH_PATHS = (
					"$(SDKROOT)/Developer/Library/Frameworks",
					"$(inherited)",
					"$(DEVELOPER_FRAMEWORKS_DIR)",
				);
				GCC_PRECOMPILE_PREFIX_HEADER = YES;
				GCC_PREFIX_HEADER = "PiVision/PiVision-Prefix.pch";
				INFOPLIST_FILE = "PiVisionTests/PiVisionTests-Info.plist";
				PRODUCT_NAME = "$(TARGET_NAME)";
				TEST_HOST = "$(BUNDLE_LOADER)";
				WRAPPER_EXTENSION = xctest;
			};
			name = Release;
		};
/* End XCBuildConfiguration section */

/* Begin XCConfigurationList section */
		3BF71B211800978900A8FDFA /* Build configuration list for PBXProject "PiVision" */ = {
			isa = XCConfigurationList;
			buildConfigurations = (
				3BF71B591800978900A8FDFA /* Debug */,
				3BF71B5A1800978900A8FDFA /* Release */,
			);
			defaultConfigurationIsVisible = 0;
			defaultConfigurationName = Release;
		};
		3BF71B5B1800978900A8FDFA /* Build configuration list for PBXNativeTarget "PiVision" */ = {
			isa = XCConfigurationList;
			buildConfigurations = (
				3BF71B5C1800978900A8FDFA /* Debug */,
				3BF71B5D1800978900A8FDFA /* Release */,
			);
			defaultConfigurationIsVisible = 0;
			defaultConfigurationName = Release;
		};
		3BF71B5E1800978900A8FDFA /* Build configuration list for PBXNativeTarget "PiVisionTests" */ = {
			isa = XCConfigurationList;
			buildConfigurations = (
				3BF71B5F1800978900A8FDFA /* Debug */,
				3BF71B601800978900A8FDFA /* Release */,
			);
			defaultConfigurationIsVisible = 0;
			defaultConfigurationName = Release;
		};
/* End XCConfigurationList section */
	};
	rootObject = 3BF71B1E1800978900A8FDFA /* Project object */;
}
